
Microsoft Visual Studio Solution File, Format Version 12.00
# Visual Studio 2013
VisualStudioVersion = 12.0.31101.0
MinimumVisualStudioVersion = 10.0.40219.1
Project("{FAE04EC0-301F-11D3-BF4B-00C04F79EFBC}") = "incerc7", "incerc7\incerc7.csproj", "{09AE67B3-EB5C-4035-974D-56CB6699603B}"
EndProject
Global
	GlobalSection(SolutionConfigurationPlatforms) = preSolution
		Debug|Any CPU = Debug|Any CPU
		Release|Any CPU = Release|Any CPU
	EndGlobalSection
	GlobalSection(ProjectConfigurationPlatforms) = postSolution
		{09AE67B3-EB5C-4035-974D-56CB6699603B}.Debug|Any CPU.ActiveCfg = Debug|Any CPU
		{09AE67B3-EB5C-4035-974D-56CB6699603B}.Debug|Any CPU.Build.0 = Debug|Any CPU
		{09AE67B3-EB5C-4035-974D-56CB6699603B}.Release|Any CPU.ActiveCfg = Release|Any CPU
		{09AE67B3-EB5C-4035-974D-56CB6699603B}.Release|Any CPU.Build.0 = Release|Any CPU
	EndGlobalSection
	GlobalSection(SolutionProperties) = preSolution
		HideSolutionNode = FALSE
	EndGlobalSection
EndGlobal
